#MicroXplorer Configuration settings - do not modify
File.Version=5
KeepUserPlacement=true
Mcu.CPN=STM32F407VGTx
Mcu.Family=STM32F4
Mcu.IP0=NVIC
Mcu.IP1=RCC
Mcu.IP2=SYS
Mcu.IP3=USART2
Mcu.IPNb=4
Mcu.Name=STM32F407VGTx
Mcu.Package=LQFP100
Mcu.Pin0=PA0
Mcu.Pin1=PA2
Mcu.Pin2=PA3
Mcu.Pin3=PA5
Mcu.PinsNb=4
Mcu.UserConstants=
Mcu.UserName=STM32F407VGTx
MxCube.Version=6.12.1
MxDb.Version=DB.6.0.121
NVIC.BusFault_IRQn=true\:0\:0\:false
NVIC.DebugMonitor_IRQn=true\:0\:0\:false
NVIC.ForceEnableDMA498=true
NVIC.NonMaskableInt_IRQn=true\:0\:0\:false
NVIC.PendSV_IRQn=true\:0\:0\:false
NVIC.PriorityGroup=NVIC_PRIORITYGROUP_4
NVIC.SVCall_IRQn=true\:0\:0\:false
NVIC.SysTick_IRQn=true\:15\:0\:false
NVIC.UsageFault_IRQn=true\:0\:0\:false
PA0.GPIOParameters=GPIO_Label
PA0.GPIO_Label=WAKEUP
PA0.Locked=true
PA0.Mode=GPIO_MODE_IT_RISING
PA0.Signal=SYS_WKUP
PA2.GPIOParameters=GPIO_Speed,GPIO_PuPd,GPIO_Label,GPIO_Mode
PA2.GPIO_Label=USART2_TX
PA2.GPIO_Mode=GPIO_MODE_AF_PP
PA2.GPIO_PuPd=GPIO_NOPULL
PA2.GPIO_Speed=GPIO_SPEED_FREQ_VERY_HIGH
PA2.Locked=true
PA2.Signal=USART2_TX
PA3.GPIOParameters=GPIO_Speed,GPIO_PuPd,GPIO_Label,GPIO_Mode
PA3.GPIO_Label=USART2_RX
PA3.GPIO_Mode=GPIO_MODE_AF_PP
PA3.GPIO_PuPd=GPIO_NOPULL
PA3.GPIO_Speed=GPIO_SPEED_FREQ_VERY_HIGH
PA3.Locked=true
PA3.Signal=USART2_RX
PA5.GPIOParameters=GPIO_Speed,GPIO_PuPd,GPIO_Label,GPIO_ModeDefaultOutputPP
PA5.GPIO_Label=LD4
PA5.GPIO_ModeDefaultOutputPP=GPIO_MODE_OUTPUT_PP
PA5.GPIO_PuPd=GPIO_NOPULL
PA5.GPIO_Speed=GPIO_SPEED_FREQ_LOW
PA5.Locked=true
PA5.Signal=GPIO_Output
PCC.Line=STM32F407
PCC.MCU=STM32F407VGTx
PCC.PartNumber=STM32F407VGTx
PCC.Series=STM32F4
PCC.Temperature=25
PCC.Vdd=3.3
RCC.AHBFreq_Value=168000000
RCC.APB1CLKDivider=RCC_HCLK_DIV4
RCC.APB1Freq_Value=42000000
RCC.APB1TimFreq_Value=84000000
RCC.APB2Freq_Value=84000000
RCC.APB2TimFreq_Value=84000000
RCC.FamilyName=F
RCC.FCLKCortexFreq_Value=168000000
RCC.HSE_VALUE=8000000
RCC.HSI_VALUE=16000000
RCC.PLLCLKFreq_Value=168000000
RCC.PLLMUL=RCC_PLL_MUL168
RCC.PLLSourceVirtual=RCC_PLLSOURCE_HSE
RCC.SYSCLKFreq_VALUE=168000000
RCC.SYSCLKSource=RCC_SYSCLKSOURCE_PLLCLK
RCC.TimSysFreq_Value=84000000
USART2.BaudRate=115200
USART2.OverSampling=OVERSAMPLING_16
USART2.WordLength=WORDLENGTH_8B
board=MB997
boardIOC=true
